{
  "version": 4,
  "terraform_version": "1.9.3",
  "serial": 42,
  "lineage": "96b933c6-caa6-e9de-197f-17c91b0ba427",
  "outputs": {},
  "resources": [
    {
      "mode": "data",
      "type": "huaweicloud_availability_zones",
      "name": "myaz",
      "provider": "provider[\"registry.terraform.io/huaweicloud/huaweicloud\"]",
      "instances": [
        {
          "schema_version": 0,
          "attributes": {
            "id": "221423761",
            "names": [
              "ap-southeast-3a",
              "ap-southeast-3b",
              "ap-southeast-3c",
              "ap-southeast-3e"
            ],
            "region": "ap-southeast-3",
            "state": "available"
          },
          "sensitive_attributes": []
        }
      ]
    },
    {
      "mode": "data",
      "type": "huaweicloud_compute_flavors",
      "name": "mybiggerflavor",
      "provider": "provider[\"registry.terraform.io/huaweicloud/huaweicloud\"]",
      "instances": [
        {
          "schema_version": 0,
          "attributes": {
            "availability_zone": "ap-southeast-3a",
            "cpu_core_count": 2,
            "flavors": [
              {
                "cpu_core_count": 2,
                "generation": "s3",
                "id": "s3.large.2",
                "memory_size": 4,
                "performance_type": "normal"
              },
              {
                "cpu_core_count": 2,
                "generation": "s6",
                "id": "s6.large.2",
                "memory_size": 4,
                "performance_type": "normal"
              },
              {
                "cpu_core_count": 2,
                "generation": "s7",
                "id": "s7n.large.2",
                "memory_size": 4,
                "performance_type": "normal"
              }
            ],
            "generation": null,
            "id": "2124656125",
            "ids": [
              "s3.large.2",
              "s6.large.2",
              "s7n.large.2"
            ],
            "memory_size": 4,
            "performance_type": "normal",
            "region": "ap-southeast-3"
          },
          "sensitive_attributes": []
        }
      ]
    },
    {
      "mode": "data",
      "type": "huaweicloud_compute_flavors",
      "name": "myflavor",
      "provider": "provider[\"registry.terraform.io/huaweicloud/huaweicloud\"]",
      "instances": [
        {
          "schema_version": 0,
          "attributes": {
            "availability_zone": "ap-southeast-3a",
            "cpu_core_count": 1,
            "flavors": [
              {
                "cpu_core_count": 1,
                "generation": "s6",
                "id": "s6.small.1",
                "memory_size": 1,
                "performance_type": "normal"
              },
              {
                "cpu_core_count": 1,
                "generation": "s7",
                "id": "s7n.small.1",
                "memory_size": 1,
                "performance_type": "normal"
              }
            ],
            "generation": null,
            "id": "3197987615",
            "ids": [
              "s6.small.1",
              "s7n.small.1"
            ],
            "memory_size": 1,
            "performance_type": "normal",
            "region": "ap-southeast-3"
          },
          "sensitive_attributes": []
        }
      ]
    },
    {
      "mode": "data",
      "type": "huaweicloud_images_image",
      "name": "myimage",
      "provider": "provider[\"registry.terraform.io/huaweicloud/huaweicloud\"]",
      "instances": [
        {
          "schema_version": 0,
          "attributes": {
            "architecture": null,
            "backup_id": "",
            "checksum": "d41d8cd98f00b204e9800998ecf8427e",
            "container_format": "bare",
            "created_at": "2019-01-27T07:37:26Z",
            "disk_format": "zvhd2",
            "enterprise_project_id": "",
            "file": "/v2/images/b0c2b3e0-6a1f-499b-9df0-4d1b2e374a54/file",
            "flavor_id": null,
            "id": "b0c2b3e0-6a1f-499b-9df0-4d1b2e374a54",
            "image_type": "FusionCompute",
            "metadata": null,
            "min_disk_gb": 40,
            "min_ram_mb": 1024,
            "most_recent": true,
            "name": "Ubuntu 18.04 server 64bit",
            "name_regex": null,
            "os": "Ubuntu",
            "os_version": "Ubuntu 18.04 server 64bit",
            "owner": "c9fd059ecac04ceb89e708a2d61fd966",
            "protected": true,
            "region": null,
            "schema": "/v2/schemas/image",
            "size_bytes": 2365378560,
            "size_max": null,
            "size_min": null,
            "sort_direction": "asc",
            "sort_key": "name",
            "status": "active",
            "tag": null,
            "updated_at": "2024-03-18T08:12:25Z",
            "visibility": "public"
          },
          "sensitive_attributes": []
        }
      ]
    },
    {
      "mode": "data",
      "type": "huaweicloud_networking_secgroup",
      "name": "mysecgroup",
      "provider": "provider[\"registry.terraform.io/huaweicloud/huaweicloud\"]",
      "instances": [
        {
          "schema_version": 0,
          "attributes": {
            "created_at": "2023-03-23T12:26:46Z",
            "description": "Default security group",
            "enterprise_project_id": null,
            "id": "230a1d26-47a6-4b0b-9c70-9b04d4e5b132",
            "name": "default",
            "region": "ap-southeast-3",
            "rules": [
              {
                "action": "allow",
                "description": "",
                "direction": "ingress",
                "ethertype": "IPv4",
                "id": "56063075-f9f8-45c2-808f-c72b2165e30e",
                "port_range_max": 80,
                "port_range_min": 80,
                "ports": "80",
                "priority": 1,
                "protocol": "tcp",
                "remote_address_group_id": "",
                "remote_group_id": "",
                "remote_ip_prefix": "0.0.0.0/0"
              },
              {
                "action": "allow",
                "description": "Permit default Linux SSH port.",
                "direction": "ingress",
                "ethertype": "IPv4",
                "id": "5b32e8f4-873d-41e7-917e-22d25d6c37e4",
                "port_range_max": 22,
                "port_range_min": 22,
                "ports": "22",
                "priority": 1,
                "protocol": "tcp",
                "remote_address_group_id": "",
                "remote_group_id": "",
                "remote_ip_prefix": "0.0.0.0/0"
              },
              {
                "action": "allow",
                "description": "",
                "direction": "ingress",
                "ethertype": "IPv4",
                "id": "82a1f010-d398-451f-8c5e-5f9befbfd1da",
                "port_range_max": 0,
                "port_range_min": 0,
                "ports": "",
                "priority": 1,
                "protocol": "",
                "remote_address_group_id": "",
                "remote_group_id": "",
                "remote_ip_prefix": "0.0.0.0/0"
              },
              {
                "action": "allow",
                "description": "",
                "direction": "ingress",
                "ethertype": "IPv4",
                "id": "b1716558-3044-43da-9dd8-8c549eecdcf8",
                "port_range_max": 8080,
                "port_range_min": 8080,
                "ports": "8080",
                "priority": 1,
                "protocol": "tcp",
                "remote_address_group_id": "",
                "remote_group_id": "",
                "remote_ip_prefix": "0.0.0.0/0"
              },
              {
                "action": "allow",
                "description": "gecici",
                "direction": "ingress",
                "ethertype": "IPv4",
                "id": "b1e9f08f-5c85-4c06-9e9e-2909c2cb0cd5",
                "port_range_max": 5000,
                "port_range_min": 5000,
                "ports": "5000",
                "priority": 1,
                "protocol": "tcp",
                "remote_address_group_id": "",
                "remote_group_id": "",
                "remote_ip_prefix": "0.0.0.0/0"
              },
              {
                "action": "allow",
                "description": "",
                "direction": "egress",
                "ethertype": "IPv6",
                "id": "bedfd0c2-61b1-4e88-baf8-b73b7ee062d7",
                "port_range_max": 0,
                "port_range_min": 0,
                "ports": "",
                "priority": 100,
                "protocol": "",
                "remote_address_group_id": "",
                "remote_group_id": "",
                "remote_ip_prefix": ""
              },
              {
                "action": "allow",
                "description": "",
                "direction": "ingress",
                "ethertype": "IPv4",
                "id": "c33d8e9b-7b4b-439a-9c03-a103255aa563",
                "port_range_max": 3306,
                "port_range_min": 3306,
                "ports": "3306",
                "priority": 1,
                "protocol": "tcp",
                "remote_address_group_id": "",
                "remote_group_id": "",
                "remote_ip_prefix": "0.0.0.0/0"
              },
              {
                "action": "allow",
                "description": "gecici",
                "direction": "ingress",
                "ethertype": "IPv4",
                "id": "cd2e347b-5882-4f72-b672-b88b66f1ccae",
                "port_range_max": 5001,
                "port_range_min": 5001,
                "ports": "5001",
                "priority": 1,
                "protocol": "tcp",
                "remote_address_group_id": "",
                "remote_group_id": "",
                "remote_ip_prefix": "0.0.0.0/0"
              },
              {
                "action": "allow",
                "description": "",
                "direction": "ingress",
                "ethertype": "IPv4",
                "id": "d3d13031-b42c-493b-b096-5390aba39d6b",
                "port_range_max": 0,
                "port_range_min": 0,
                "ports": "",
                "priority": 1,
                "protocol": "tcp",
                "remote_address_group_id": "",
                "remote_group_id": "230a1d26-47a6-4b0b-9c70-9b04d4e5b132",
                "remote_ip_prefix": ""
              },
              {
                "action": "allow",
                "description": "",
                "direction": "ingress",
                "ethertype": "IPv6",
                "id": "e1bb0470-cea9-49f6-92fd-3319b03dbabc",
                "port_range_max": 0,
                "port_range_min": 0,
                "ports": "",
                "priority": 100,
                "protocol": "",
                "remote_address_group_id": "",
                "remote_group_id": "230a1d26-47a6-4b0b-9c70-9b04d4e5b132",
                "remote_ip_prefix": ""
              },
              {
                "action": "allow",
                "description": "",
                "direction": "ingress",
                "ethertype": "IPv4",
                "id": "e5dbeca6-e10a-4bd5-9f20-49cc0b9fd2b2",
                "port_range_max": 8080,
                "port_range_min": 8080,
                "ports": "8080",
                "priority": 1,
                "protocol": "tcp",
                "remote_address_group_id": "",
                "remote_group_id": "230a1d26-47a6-4b0b-9c70-9b04d4e5b132",
                "remote_ip_prefix": ""
              },
              {
                "action": "allow",
                "description": "Permit default Windows remote desktop port.",
                "direction": "ingress",
                "ethertype": "IPv4",
                "id": "e99dc27c-94da-40b0-bfc5-2fb79482ba01",
                "port_range_max": 3389,
                "port_range_min": 3389,
                "ports": "3389",
                "priority": 1,
                "protocol": "tcp",
                "remote_address_group_id": "",
                "remote_group_id": "",
                "remote_ip_prefix": "0.0.0.0/0"
              },
              {
                "action": "allow",
                "description": "",
                "direction": "egress",
                "ethertype": "IPv4",
                "id": "f97e5cd6-ca81-44c2-92f6-aec0d6557a8b",
                "port_range_max": 0,
                "port_range_min": 0,
                "ports": "",
                "priority": 100,
                "protocol": "",
                "remote_address_group_id": "",
                "remote_group_id": "",
                "remote_ip_prefix": ""
              }
            ],
            "secgroup_id": null,
            "updated_at": "2023-03-23T12:26:46Z"
          },
          "sensitive_attributes": []
        }
      ]
    },
    {
      "mode": "managed",
      "type": "huaweicloud_compute_instance",
      "name": "mycompute",
      "provider": "provider[\"registry.terraform.io/huaweicloud/huaweicloud\"]",
      "instances": [
        {
          "index_key": 0,
          "schema_version": 0,
          "attributes": {
            "access_ip_v4": "172.16.10.62",
            "access_ip_v6": "",
            "admin_pass": null,
            "agency_name": "",
            "agent_list": "",
            "auto_pay": null,
            "auto_renew": null,
            "auto_terminate_time": "",
            "availability_zone": "ap-southeast-3a",
            "bandwidth": [],
            "charging_mode": "postPaid",
            "created_at": "2024-09-03T08:56:03Z",
            "data_disks": [],
            "delete_disks_on_termination": null,
            "delete_eip_on_termination": true,
            "description": "",
            "eip_id": null,
            "eip_type": null,
            "enterprise_project_id": "4e943fe2-c61e-4166-a40e-0882f7cf3d92",
            "flavor_id": "s3.large.2",
            "flavor_name": "s3.large.2",
            "hostname": "mycompute-0",
            "id": "8ad9560b-1549-4722-ac6b-69b7023b7e12",
            "image_id": "b0c2b3e0-6a1f-499b-9df0-4d1b2e374a54",
            "image_name": "Ubuntu 18.04 server 64bit",
            "key_pair": null,
            "metadata": null,
            "name": "mycompute_0",
            "network": [
              {
                "access_network": false,
                "fixed_ip_v4": "172.16.10.62",
                "fixed_ip_v6": "",
                "ipv6_enable": false,
                "mac": "fa:16:3e:0c:06:3a",
                "port": "1e1fb4b4-b853-451c-b5e4-56dc8643284b",
                "source_dest_check": true,
                "uuid": "019f10f0-3534-4d7c-9bd2-4836aeac7262"
              }
            ],
            "period": null,
            "period_unit": null,
            "power_action": null,
            "private_key": null,
            "public_ip": null,
            "region": "ap-southeast-3",
            "scheduler_hints": [],
            "security_group_ids": [
              "230a1d26-47a6-4b0b-9c70-9b04d4e5b132"
            ],
            "security_groups": [
              "default"
            ],
            "spot_duration": null,
            "spot_duration_count": null,
            "spot_maximum_price": null,
            "status": "ACTIVE",
            "stop_before_destroy": false,
            "system_disk_dss_pool_id": null,
            "system_disk_id": "c582092d-1253-4899-a548-b1cef7306257",
            "system_disk_iops": 0,
            "system_disk_kms_key_id": "",
            "system_disk_size": 40,
            "system_disk_throughput": 0,
            "system_disk_type": "GPSSD",
            "tags": null,
            "timeouts": null,
            "updated_at": "2024-09-03T08:56:21Z",
            "user_data": null,
            "user_id": null,
            "volume_attached": [
              {
                "boot_index": 0,
                "kms_key_id": "",
                "pci_address": "0000:02:01.0",
                "size": 40,
                "type": "GPSSD",
                "volume_id": "c582092d-1253-4899-a548-b1cef7306257"
              }
            ]
          },
          "sensitive_attributes": [
            [
              {
                "type": "get_attr",
                "value": "private_key"
              }
            ],
            [
              {
                "type": "get_attr",
                "value": "admin_pass"
              }
            ]
          ],
          "private": "eyJlMmJmYjczMC1lY2FhLTExZTYtOGY4OC0zNDM2M2JjN2M0YzAiOnsiY3JlYXRlIjoxODAwMDAwMDAwMDAwLCJkZWxldGUiOjE4MDAwMDAwMDAwMDAsInVwZGF0ZSI6MTgwMDAwMDAwMDAwMH19",
          "dependencies": [
            "data.huaweicloud_availability_zones.myaz",
            "data.huaweicloud_compute_flavors.mybiggerflavor",
            "data.huaweicloud_images_image.myimage",
            "data.huaweicloud_networking_secgroup.mysecgroup",
            "huaweicloud_vpc.vpc_1",
            "huaweicloud_vpc_subnet.subnet_1"
          ]
        },
        {
          "index_key": 1,
          "schema_version": 0,
          "attributes": {
            "access_ip_v4": "172.16.10.109",
            "access_ip_v6": "",
            "admin_pass": null,
            "agency_name": "",
            "agent_list": "",
            "auto_pay": null,
            "auto_renew": null,
            "auto_terminate_time": "",
            "availability_zone": "ap-southeast-3a",
            "bandwidth": [],
            "charging_mode": "postPaid",
            "created_at": "2024-09-03T08:56:03Z",
            "data_disks": [],
            "delete_disks_on_termination": null,
            "delete_eip_on_termination": true,
            "description": "",
            "eip_id": null,
            "eip_type": null,
            "enterprise_project_id": "4e943fe2-c61e-4166-a40e-0882f7cf3d92",
            "flavor_id": "s3.large.2",
            "flavor_name": "s3.large.2",
            "hostname": "mycompute-1",
            "id": "482e19f1-5c2b-4d26-ab75-413f35a22343",
            "image_id": "b0c2b3e0-6a1f-499b-9df0-4d1b2e374a54",
            "image_name": "Ubuntu 18.04 server 64bit",
            "key_pair": null,
            "metadata": null,
            "name": "mycompute_1",
            "network": [
              {
                "access_network": false,
                "fixed_ip_v4": "172.16.10.109",
                "fixed_ip_v6": "",
                "ipv6_enable": false,
                "mac": "fa:16:3e:0c:06:69",
                "port": "9930d382-1ca7-4a67-ac76-2fbac5b68493",
                "source_dest_check": true,
                "uuid": "019f10f0-3534-4d7c-9bd2-4836aeac7262"
              }
            ],
            "period": null,
            "period_unit": null,
            "power_action": null,
            "private_key": null,
            "public_ip": null,
            "region": "ap-southeast-3",
            "scheduler_hints": [],
            "security_group_ids": [
              "230a1d26-47a6-4b0b-9c70-9b04d4e5b132"
            ],
            "security_groups": [
              "default"
            ],
            "spot_duration": null,
            "spot_duration_count": null,
            "spot_maximum_price": null,
            "status": "ACTIVE",
            "stop_before_destroy": false,
            "system_disk_dss_pool_id": null,
            "system_disk_id": "a9efd7d0-c9f7-473e-bfbe-40f3554b26d6",
            "system_disk_iops": 0,
            "system_disk_kms_key_id": "",
            "system_disk_size": 40,
            "system_disk_throughput": 0,
            "system_disk_type": "GPSSD",
            "tags": null,
            "timeouts": null,
            "updated_at": "2024-09-03T08:56:22Z",
            "user_data": null,
            "user_id": null,
            "volume_attached": [
              {
                "boot_index": 0,
                "kms_key_id": "",
                "pci_address": "0000:02:01.0",
                "size": 40,
                "type": "GPSSD",
                "volume_id": "a9efd7d0-c9f7-473e-bfbe-40f3554b26d6"
              }
            ]
          },
          "sensitive_attributes": [
            [
              {
                "type": "get_attr",
                "value": "private_key"
              }
            ],
            [
              {
                "type": "get_attr",
                "value": "admin_pass"
              }
            ]
          ],
          "private": "eyJlMmJmYjczMC1lY2FhLTExZTYtOGY4OC0zNDM2M2JjN2M0YzAiOnsiY3JlYXRlIjoxODAwMDAwMDAwMDAwLCJkZWxldGUiOjE4MDAwMDAwMDAwMDAsInVwZGF0ZSI6MTgwMDAwMDAwMDAwMH19",
          "dependencies": [
            "data.huaweicloud_availability_zones.myaz",
            "data.huaweicloud_compute_flavors.mybiggerflavor",
            "data.huaweicloud_images_image.myimage",
            "data.huaweicloud_networking_secgroup.mysecgroup",
            "huaweicloud_vpc.vpc_1",
            "huaweicloud_vpc_subnet.subnet_1"
          ]
        }
      ]
    },
    {
      "mode": "managed",
      "type": "huaweicloud_compute_instance",
      "name": "myinstance",
      "provider": "provider[\"registry.terraform.io/huaweicloud/huaweicloud\"]",
      "instances": [
        {
          "schema_version": 0,
          "attributes": {
            "access_ip_v4": "192.168.20.179",
            "access_ip_v6": "",
            "admin_pass": "@bljpuvF6BSs*BHz",
            "agency_name": "",
            "agent_list": "",
            "auto_pay": null,
            "auto_renew": null,
            "auto_terminate_time": "",
            "availability_zone": "ap-southeast-3a",
            "bandwidth": [],
            "charging_mode": "postPaid",
            "created_at": "2024-09-03T07:02:45Z",
            "data_disks": [],
            "delete_disks_on_termination": null,
            "delete_eip_on_termination": true,
            "description": "",
            "eip_id": null,
            "eip_type": null,
            "enterprise_project_id": "4e943fe2-c61e-4166-a40e-0882f7cf3d92",
            "flavor_id": "s6.small.1",
            "flavor_name": "s6.small.1",
            "hostname": "terraform-ecs",
            "id": "96a9c504-a303-41c7-932d-9f1883292d74",
            "image_id": "b0c2b3e0-6a1f-499b-9df0-4d1b2e374a54",
            "image_name": "Ubuntu 18.04 server 64bit",
            "key_pair": null,
            "metadata": null,
            "name": "terraform-ecs",
            "network": [
              {
                "access_network": false,
                "fixed_ip_v4": "192.168.20.179",
                "fixed_ip_v6": "",
                "ipv6_enable": false,
                "mac": "fa:16:3e:85:f1:90",
                "port": "5b797285-1482-4dad-8f4f-1ede256d3a45",
                "source_dest_check": true,
                "uuid": "76d6b719-ab28-4879-ac63-b89c05e6fb35"
              }
            ],
            "period": null,
            "period_unit": null,
            "power_action": null,
            "private_key": null,
            "public_ip": null,
            "region": "ap-southeast-3",
            "scheduler_hints": [],
            "security_group_ids": [
              "fe6aa134-3149-45bc-ba36-ede40c220ea5"
            ],
            "security_groups": [
              "terraform-secgroup"
            ],
            "spot_duration": null,
            "spot_duration_count": null,
            "spot_maximum_price": null,
            "status": "ACTIVE",
            "stop_before_destroy": false,
            "system_disk_dss_pool_id": null,
            "system_disk_id": "8878f473-1687-45d1-8f12-85fb0d4a0f9e",
            "system_disk_iops": 0,
            "system_disk_kms_key_id": "",
            "system_disk_size": 40,
            "system_disk_throughput": 0,
            "system_disk_type": "GPSSD",
            "tags": {},
            "timeouts": null,
            "updated_at": "2024-09-03T07:03:37Z",
            "user_data": null,
            "user_id": null,
            "volume_attached": [
              {
                "boot_index": 0,
                "kms_key_id": "",
                "pci_address": "0000:02:01.0",
                "size": 40,
                "type": "GPSSD",
                "volume_id": "8878f473-1687-45d1-8f12-85fb0d4a0f9e"
              }
            ]
          },
          "sensitive_attributes": [
            [
              {
                "type": "get_attr",
                "value": "private_key"
              }
            ],
            [
              {
                "type": "get_attr",
                "value": "admin_pass"
              }
            ]
          ],
          "private": "eyJlMmJmYjczMC1lY2FhLTExZTYtOGY4OC0zNDM2M2JjN2M0YzAiOnsiY3JlYXRlIjoxODAwMDAwMDAwMDAwLCJkZWxldGUiOjE4MDAwMDAwMDAwMDAsInVwZGF0ZSI6MTgwMDAwMDAwMDAwMH19",
          "dependencies": [
            "data.huaweicloud_availability_zones.myaz",
            "data.huaweicloud_compute_flavors.myflavor",
            "data.huaweicloud_images_image.myimage",
            "huaweicloud_networking_secgroup.mysecgroup",
            "huaweicloud_vpc.vpc",
            "huaweicloud_vpc_subnet.subnet2",
            "random_password.password"
          ]
        }
      ]
    },
    {
      "mode": "managed",
      "type": "huaweicloud_networking_secgroup",
      "name": "mysecgroup",
      "provider": "provider[\"registry.terraform.io/huaweicloud/huaweicloud\"]",
      "instances": [
        {
          "schema_version": 0,
          "attributes": {
            "created_at": "2024-09-03T08:02:12Z",
            "delete_default_rules": true,
            "description": "Sec group created by terraform.",
            "enterprise_project_id": "0",
            "id": "fe6aa134-3149-45bc-ba36-ede40c220ea5",
            "name": "terraform-secgroup",
            "region": "ap-southeast-3",
            "rules": [
              {
                "action": "allow",
                "description": "",
                "direction": "ingress",
                "ethertype": "IPv4",
                "id": "872bdc3b-e869-4933-a19a-681ab185e175",
                "port_range_max": 22,
                "port_range_min": 22,
                "ports": "22",
                "priority": 1,
                "protocol": "tcp",
                "remote_address_group_id": "",
                "remote_group_id": "",
                "remote_ip_prefix": "0.0.0.0/0"
              }
            ],
            "tags": {},
            "timeouts": null,
            "updated_at": "2024-09-03T08:02:12Z"
          },
          "sensitive_attributes": [],
          "private": "eyJlMmJmYjczMC1lY2FhLTExZTYtOGY4OC0zNDM2M2JjN2M0YzAiOnsiZGVsZXRlIjo2MDAwMDAwMDAwMDB9fQ=="
        }
      ]
    },
    {
      "mode": "managed",
      "type": "huaweicloud_networking_secgroup_rule",
      "name": "secgroup_rule",
      "provider": "provider[\"registry.terraform.io/huaweicloud/huaweicloud\"]",
      "instances": [
        {
          "schema_version": 0,
          "attributes": {
            "action": "allow",
            "description": "",
            "direction": "ingress",
            "ethertype": "IPv4",
            "id": "872bdc3b-e869-4933-a19a-681ab185e175",
            "port_range_max": 22,
            "port_range_min": 22,
            "ports": "22",
            "priority": 1,
            "protocol": "tcp",
            "region": "ap-southeast-3",
            "remote_address_group_id": "",
            "remote_group_id": "",
            "remote_ip_prefix": "0.0.0.0/0",
            "security_group_id": "fe6aa134-3149-45bc-ba36-ede40c220ea5",
            "timeouts": null
          },
          "sensitive_attributes": [],
          "private": "eyJlMmJmYjczMC1lY2FhLTExZTYtOGY4OC0zNDM2M2JjN2M0YzAiOnsiZGVsZXRlIjo2MDAwMDAwMDAwMDB9fQ==",
          "dependencies": [
            "huaweicloud_networking_secgroup.mysecgroup"
          ]
        }
      ]
    },
    {
      "mode": "managed",
      "type": "huaweicloud_networking_vip",
      "name": "vip_1",
      "provider": "provider[\"registry.terraform.io/huaweicloud/huaweicloud\"]",
      "instances": [
        {
          "schema_version": 0,
          "attributes": {
            "device_owner": "neutron:VIP_PORT",
            "id": "e961ccb1-9226-4e94-bdad-571442d51812",
            "ip_address": "172.16.10.240",
            "ip_version": 4,
            "mac_address": "fa:16:3e:0c:06:ec",
            "name": "",
            "network_id": "019f10f0-3534-4d7c-9bd2-4836aeac7262",
            "region": "ap-southeast-3",
            "status": "ACTIVE",
            "subnet_id": "269714de-2047-4d47-9feb-ca6a222af4d0",
            "timeouts": null
          },
          "sensitive_attributes": [],
          "private": "eyJlMmJmYjczMC1lY2FhLTExZTYtOGY4OC0zNDM2M2JjN2M0YzAiOnsiY3JlYXRlIjoxMjAwMDAwMDAwMDAsImRlbGV0ZSI6MTIwMDAwMDAwMDAwfX0=",
          "dependencies": [
            "huaweicloud_vpc.vpc_1",
            "huaweicloud_vpc_subnet.subnet_1"
          ]
        }
      ]
    },
    {
      "mode": "managed",
      "type": "huaweicloud_networking_vip_associate",
      "name": "vip_associated",
      "provider": "provider[\"registry.terraform.io/huaweicloud/huaweicloud\"]",
      "instances": [
        {
          "schema_version": 0,
          "attributes": {
            "id": "2986146006",
            "ip_addresses": [
              "172.16.10.62",
              "172.16.10.109"
            ],
            "port_ids": [
              "1e1fb4b4-b853-451c-b5e4-56dc8643284b",
              "9930d382-1ca7-4a67-ac76-2fbac5b68493"
            ],
            "region": null,
            "vip_id": "e961ccb1-9226-4e94-bdad-571442d51812",
            "vip_ip_address": "172.16.10.240",
            "vip_subnet_id": "269714de-2047-4d47-9feb-ca6a222af4d0"
          },
          "sensitive_attributes": [],
          "private": "bnVsbA==",
          "dependencies": [
            "data.huaweicloud_availability_zones.myaz",
            "data.huaweicloud_compute_flavors.mybiggerflavor",
            "data.huaweicloud_images_image.myimage",
            "data.huaweicloud_networking_secgroup.mysecgroup",
            "huaweicloud_compute_instance.mycompute",
            "huaweicloud_networking_vip.vip_1",
            "huaweicloud_vpc.vpc_1",
            "huaweicloud_vpc_subnet.subnet_1"
          ]
        }
      ]
    },
    {
      "mode": "managed",
      "type": "huaweicloud_vpc",
      "name": "vpc",
      "provider": "provider[\"registry.terraform.io/huaweicloud/huaweicloud\"]",
      "instances": [
        {
          "schema_version": 0,
          "attributes": {
            "cidr": "192.168.0.0/16",
            "description": "",
            "enterprise_project_id": "4e943fe2-c61e-4166-a40e-0882f7cf3d92",
            "id": "bdcc7488-ed26-42ff-bd72-d069463fcbdd",
            "name": "vpc-web",
            "region": "ap-southeast-3",
            "routes": [],
            "secondary_cidr": null,
            "secondary_cidrs": [],
            "status": "OK",
            "tags": {},
            "timeouts": null
          },
          "sensitive_attributes": [],
          "private": "eyJlMmJmYjczMC1lY2FhLTExZTYtOGY4OC0zNDM2M2JjN2M0YzAiOnsiY3JlYXRlIjo2MDAwMDAwMDAwMDAsImRlbGV0ZSI6MTgwMDAwMDAwMDAwfX0="
        }
      ]
    },
    {
      "mode": "managed",
      "type": "huaweicloud_vpc",
      "name": "vpc_1",
      "provider": "provider[\"registry.terraform.io/huaweicloud/huaweicloud\"]",
      "instances": [
        {
          "schema_version": 0,
          "attributes": {
            "cidr": "172.16.0.0/16",
            "description": "",
            "enterprise_project_id": "0",
            "id": "d3e27ce1-1724-4ea7-b1b1-8d86b43df0fc",
            "name": "vpc-basic",
            "region": "ap-southeast-3",
            "routes": [],
            "secondary_cidr": null,
            "secondary_cidrs": [],
            "status": "OK",
            "tags": {},
            "timeouts": null
          },
          "sensitive_attributes": [],
          "private": "eyJlMmJmYjczMC1lY2FhLTExZTYtOGY4OC0zNDM2M2JjN2M0YzAiOnsiY3JlYXRlIjo2MDAwMDAwMDAwMDAsImRlbGV0ZSI6MTgwMDAwMDAwMDAwfX0="
        }
      ]
    },
    {
      "mode": "managed",
      "type": "huaweicloud_vpc_subnet",
      "name": "subnet1",
      "provider": "provider[\"registry.terraform.io/huaweicloud/huaweicloud\"]",
      "instances": [
        {
          "schema_version": 0,
          "attributes": {
            "availability_zone": "",
            "cidr": "192.168.10.0/24",
            "description": "",
            "dhcp_enable": true,
            "dhcp_lease_time": "87600h",
            "dns_list": [
              "100.125.1.250",
              "100.125.128.250"
            ],
            "gateway_ip": "192.168.10.1",
            "id": "8d3c27fa-3f2f-427d-ac91-0395cdd917ff",
            "ipv4_subnet_id": "768e60d9-2af7-4991-9c40-f74780e242ae",
            "ipv6_cidr": "",
            "ipv6_enable": false,
            "ipv6_gateway": "",
            "ipv6_subnet_id": "",
            "name": "subnet-web",
            "ntp_server_address": null,
            "primary_dns": "100.125.1.250",
            "region": "ap-southeast-3",
            "secondary_dns": "100.125.128.250",
            "subnet_id": "768e60d9-2af7-4991-9c40-f74780e242ae",
            "tags": {},
            "timeouts": null,
            "vpc_id": "bdcc7488-ed26-42ff-bd72-d069463fcbdd"
          },
          "sensitive_attributes": [],
          "private": "eyJlMmJmYjczMC1lY2FhLTExZTYtOGY4OC0zNDM2M2JjN2M0YzAiOnsiY3JlYXRlIjozMDAwMDAwMDAwMDAsImRlbGV0ZSI6NjAwMDAwMDAwMDAwfX0=",
          "dependencies": [
            "huaweicloud_vpc.vpc"
          ]
        }
      ]
    },
    {
      "mode": "managed",
      "type": "huaweicloud_vpc_subnet",
      "name": "subnet2",
      "provider": "provider[\"registry.terraform.io/huaweicloud/huaweicloud\"]",
      "instances": [
        {
          "schema_version": 0,
          "attributes": {
            "availability_zone": "",
            "cidr": "192.168.20.0/24",
            "description": "",
            "dhcp_enable": true,
            "dhcp_lease_time": "87600h",
            "dns_list": [
              "100.125.1.250",
              "100.125.128.250"
            ],
            "gateway_ip": "192.168.20.1",
            "id": "76d6b719-ab28-4879-ac63-b89c05e6fb35",
            "ipv4_subnet_id": "c14cd748-ffcf-4804-b5d2-394a67df17af",
            "ipv6_cidr": "",
            "ipv6_enable": false,
            "ipv6_gateway": "",
            "ipv6_subnet_id": "",
            "name": "subnet-app",
            "ntp_server_address": null,
            "primary_dns": "100.125.1.250",
            "region": "ap-southeast-3",
            "secondary_dns": "100.125.128.250",
            "subnet_id": "c14cd748-ffcf-4804-b5d2-394a67df17af",
            "tags": {},
            "timeouts": null,
            "vpc_id": "bdcc7488-ed26-42ff-bd72-d069463fcbdd"
          },
          "sensitive_attributes": [],
          "private": "eyJlMmJmYjczMC1lY2FhLTExZTYtOGY4OC0zNDM2M2JjN2M0YzAiOnsiY3JlYXRlIjozMDAwMDAwMDAwMDAsImRlbGV0ZSI6NjAwMDAwMDAwMDAwfX0=",
          "dependencies": [
            "huaweicloud_vpc.vpc"
          ]
        }
      ]
    },
    {
      "mode": "managed",
      "type": "huaweicloud_vpc_subnet",
      "name": "subnet3",
      "provider": "provider[\"registry.terraform.io/huaweicloud/huaweicloud\"]",
      "instances": [
        {
          "schema_version": 0,
          "attributes": {
            "availability_zone": "",
            "cidr": "192.168.30.0/24",
            "description": "",
            "dhcp_enable": true,
            "dhcp_lease_time": "87600h",
            "dns_list": [
              "100.125.1.250",
              "100.125.128.250"
            ],
            "gateway_ip": "192.168.30.1",
            "id": "9b829741-2656-423a-b46a-6669d8d8292c",
            "ipv4_subnet_id": "e5b636d1-cc40-40a9-ae65-14a72ef75243",
            "ipv6_cidr": "",
            "ipv6_enable": false,
            "ipv6_gateway": "",
            "ipv6_subnet_id": "",
            "name": "subnet-db",
            "ntp_server_address": null,
            "primary_dns": "100.125.1.250",
            "region": "ap-southeast-3",
            "secondary_dns": "100.125.128.250",
            "subnet_id": "e5b636d1-cc40-40a9-ae65-14a72ef75243",
            "tags": {},
            "timeouts": null,
            "vpc_id": "bdcc7488-ed26-42ff-bd72-d069463fcbdd"
          },
          "sensitive_attributes": [],
          "private": "eyJlMmJmYjczMC1lY2FhLTExZTYtOGY4OC0zNDM2M2JjN2M0YzAiOnsiY3JlYXRlIjozMDAwMDAwMDAwMDAsImRlbGV0ZSI6NjAwMDAwMDAwMDAwfX0=",
          "dependencies": [
            "huaweicloud_vpc.vpc"
          ]
        }
      ]
    },
    {
      "mode": "managed",
      "type": "huaweicloud_vpc_subnet",
      "name": "subnet_1",
      "provider": "provider[\"registry.terraform.io/huaweicloud/huaweicloud\"]",
      "instances": [
        {
          "schema_version": 0,
          "attributes": {
            "availability_zone": "",
            "cidr": "172.16.10.0/24",
            "description": "",
            "dhcp_enable": true,
            "dhcp_lease_time": "87600h",
            "dns_list": [
              "100.125.1.250"
            ],
            "gateway_ip": "172.16.10.1",
            "id": "019f10f0-3534-4d7c-9bd2-4836aeac7262",
            "ipv4_subnet_id": "269714de-2047-4d47-9feb-ca6a222af4d0",
            "ipv6_cidr": "",
            "ipv6_enable": false,
            "ipv6_gateway": "",
            "ipv6_subnet_id": "",
            "name": "subent-basic",
            "ntp_server_address": null,
            "primary_dns": "100.125.1.250",
            "region": "ap-southeast-3",
            "secondary_dns": "",
            "subnet_id": "269714de-2047-4d47-9feb-ca6a222af4d0",
            "tags": null,
            "timeouts": null,
            "vpc_id": "d3e27ce1-1724-4ea7-b1b1-8d86b43df0fc"
          },
          "sensitive_attributes": [],
          "private": "eyJlMmJmYjczMC1lY2FhLTExZTYtOGY4OC0zNDM2M2JjN2M0YzAiOnsiY3JlYXRlIjozMDAwMDAwMDAwMDAsImRlbGV0ZSI6NjAwMDAwMDAwMDAwfX0=",
          "dependencies": [
            "huaweicloud_vpc.vpc_1"
          ]
        }
      ]
    },
    {
      "mode": "managed",
      "type": "random_password",
      "name": "password",
      "provider": "provider[\"registry.terraform.io/hashicorp/random\"]",
      "instances": [
        {
          "schema_version": 3,
          "attributes": {
            "bcrypt_hash": "$2a$10$iA50U1GBSzwQIsMtGotJweZRKc5yD6XfJwb0YaY9Tqi.VmgnkgePi",
            "id": "none",
            "keepers": null,
            "length": 16,
            "lower": true,
            "min_lower": 0,
            "min_numeric": 0,
            "min_special": 0,
            "min_upper": 0,
            "number": true,
            "numeric": true,
            "override_special": "!@#$%*",
            "result": "@bljpuvF6BSs*BHz",
            "special": true,
            "upper": true
          },
          "sensitive_attributes": [
            [
              {
                "type": "get_attr",
                "value": "result"
              }
            ],
            [
              {
                "type": "get_attr",
                "value": "bcrypt_hash"
              }
            ]
          ]
        }
      ]
    }
  ],
  "check_results": null
}
